PODS:
  - MCClipImage (1.0.3):
    - MCClipImage/MCClipImage (= 1.0.3)
    - MCClipImage/MCPickerImageHelper (= 1.0.3)
  - MCClipImage/MCClipImage (1.0.3)
  - MCClipImage/MCPickerImageHelper (1.0.3)

DEPENDENCIES:
  - MCClipImage (from `../`)

EXTERNAL SOURCES:
  MCClipImage:
    :path: "../"

SPEC CHECKSUMS:
  MCClipImage: b9f40c2d971e034a609846cf1db37c67803d2564

PODFILE CHECKSUM: b73891a22810dc715059fa0f0badbdeae6f99aa1

COCOAPODS: 1.7.1
