PODS:
  - MCClipImage (1.0.1):
    - MCClipImage/MCClipImage (= 1.0.1)
    - MCClipImage/MCPickerImageHelper (= 1.0.1)
  - MCClipImage/MCClipImage (1.0.1)
  - MCClipImage/MCPickerImageHelper (1.0.1)

DEPENDENCIES:
  - MCClipImage (from `../`)

EXTERNAL SOURCES:
  MCClipImage:
    :path: "../"

SPEC CHECKSUMS:
  MCClipImage: 76ca74b38fc44e2991ce015cc015fe5a663b0810

PODFILE CHECKSUM: b73891a22810dc715059fa0f0badbdeae6f99aa1

COCOAPODS: 1.7.1
